// !$*UTF8*$!
{
	archiveVersion = 1;
	classes = {
	};
	objectVersion = 46;
	objects = {

/* Begin PBXBuildFile section */
		EA6CC3B019935BA000834E65 /* AppDelegate.swift in Sources */ = {isa = PBXBuildFile; fileRef = EA6CC3AF19935BA000834E65 /* AppDelegate.swift */; };
		EA6CC3B219935BA000834E65 /* ViewController.swift in Sources */ = {isa = PBXBuildFile; fileRef = EA6CC3B119935BA000834E65 /* ViewController.swift */; };
		EA6CC3B519935BA000834E65 /* Main.storyboard in Resources */ = {isa = PBXBuildFile; fileRef = EA6CC3B319935BA000834E65 /* Main.storyboard */; };
		EA6CC3B719935BA000834E65 /* Images.xcassets in Resources */ = {isa = PBXBuildFile; fileRef = EA6CC3B619935BA000834E65 /* Images.xcassets */; };
		EA6CC3C319935BA000834E65 /* ImagePickerDemoTests.swift in Sources */ = {isa = PBXBuildFile; fileRef = EA6CC3C219935BA000834E65 /* ImagePickerDemoTests.swift */; };
		EA6CC3CD19937D4900834E65 /* images.jpeg in Resources */ = {isa = PBXBuildFile; fileRef = EA6CC3CC19937D4900834E65 /* images.jpeg */; };
/* End PBXBuildFile section */

/* Begin PBXContainerItemProxy section */
		EA6CC3BD19935BA000834E65 /* PBXContainerItemProxy */ = {
			isa = PBXContainerItemProxy;
			containerPortal = EA6CC3A219935BA000834E65 /* Project object */;
			proxyType = 1;
			remoteGlobalIDString = EA6CC3A919935BA000834E65;
			remoteInfo = ImagePickerDemo;
		};
/* End PBXContainerItemProxy section */

/* Begin PBXFileReference section */
		EA6CC3AA19935BA000834E65 /* ImagePickerDemo.app */ = {isa = PBXFileReference; explicitFileType = wrapper.application; includeInIndex = 0; path = ImagePickerDemo.app; sourceTree = BUILT_PRODUCTS_DIR; };
		EA6CC3AE19935BA000834E65 /* Info.plist */ = {isa = PBXFileReference; lastKnownFileType = text.plist.xml; path = Info.plist; sourceTree = "<group>"; };
		EA6CC3AF19935BA000834E65 /* AppDelegate.swift */ = {isa = PBXFileReference; lastKnownFileType = sourcecode.swift; path = AppDelegate.swift; sourceTree = "<group>"; };
		EA6CC3B119935BA000834E65 /* ViewController.swift */ = {isa = PBXFileReference; lastKnownFileType = sourcecode.swift; path = ViewController.swift; sourceTree = "<group>"; };
		EA6CC3B419935BA000834E65 /* Base */ = {isa = PBXFileReference; lastKnownFileType = file.storyboard; name = Base; path = Base.lproj/Main.storyboard; sourceTree = "<group>"; };
		EA6CC3B619935BA000834E65 /* Images.xcassets */ = {isa = PBXFileReference; lastKnownFileType = folder.assetcatalog; path = Images.xcassets; sourceTree = "<group>"; };
		EA6CC3BC19935BA000834E65 /* ImagePickerDemoTests.xctest */ = {isa = PBXFileReference; explicitFileType = wrapper.cfbundle; includeInIndex = 0; path = ImagePickerDemoTests.xctest; sourceTree = BUILT_PRODUCTS_DIR; };
		EA6CC3C119935BA000834E65 /* Info.plist */ = {isa = PBXFileReference; lastKnownFileType = text.plist.xml; path = Info.plist; sourceTree = "<group>"; };
		EA6CC3C219935BA000834E65 /* ImagePickerDemoTests.swift */ = {isa = PBXFileReference; lastKnownFileType = sourcecode.swift; path = ImagePickerDemoTests.swift; sourceTree = "<group>"; };
		EA6CC3CC19937D4900834E65 /* images.jpeg */ = {isa = PBXFileReference; lastKnownFileType = image.jpeg; path = images.jpeg; sourceTree = "<group>"; };
/* End PBXFileReference section */

/* Begin PBXFrameworksBuildPhase section */
		EA6CC3A719935BA000834E65 /* Frameworks */ = {
			isa = PBXFrameworksBuildPhase;
			buildActionMask = 2147483647;
			files = (
			);
			runOnlyForDeploymentPostprocessing = 0;
		};
		EA6CC3B919935BA000834E65 /* Frameworks */ = {
			isa = PBXFrameworksBuildPhase;
			buildActionMask = 2147483647;
			files = (
			);
			runOnlyForDeploymentPostprocessing = 0;
		};
/* End PBXFrameworksBuildPhase section */

/* Begin PBXGroup section */
		EA6CC3A119935BA000834E65 = {
			isa = PBXGroup;
			children = (
				EA6CC3AC19935BA000834E65 /* ImagePickerDemo */,
				EA6CC3BF19935BA000834E65 /* ImagePickerDemoTests */,
				EA6CC3AB19935BA000834E65 /* Products */,
			);
			sourceTree = "<group>";
		};
		EA6CC3AB19935BA000834E65 /* Products */ = {
			isa = PBXGroup;
			children = (
				EA6CC3AA19935BA000834E65 /* ImagePickerDemo.app */,
				EA6CC3BC19935BA000834E65 /* ImagePickerDemoTests.xctest */,
			);
			name = Products;
			sourceTree = "<group>";
		};
		EA6CC3AC19935BA000834E65 /* ImagePickerDemo */ = {
			isa = PBXGroup;
			children = (
				EA6CC3AF19935BA000834E65 /* AppDelegate.swift */,
				EA6CC3B119935BA000834E65 /* ViewController.swift */,
				EA6CC3B319935BA000834E65 /* Main.storyboard */,
				EA6CC3B619935BA000834E65 /* Images.xcassets */,
				EA6CC3AD19935BA000834E65 /* Supporting Files */,
			);
			path = ImagePickerDemo;
			sourceTree = "<group>";
		};
		EA6CC3AD19935BA000834E65 /* Supporting Files */ = {
			isa = PBXGroup;
			children = (
				EA6CC3CC19937D4900834E65 /* images.jpeg */,
				EA6CC3AE19935BA000834E65 /* Info.plist */,
			);
			name = "Supporting Files";
			sourceTree = "<group>";
		};
		EA6CC3BF19935BA000834E65 /* ImagePickerDemoTests */ = {
			isa = PBXGroup;
			children = (
				EA6CC3C219935BA000834E65 /* ImagePickerDemoTests.swift */,
				EA6CC3C019935BA000834E65 /* Supporting Files */,
			);
			path = ImagePickerDemoTests;
			sourceTree = "<group>";
		};
		EA6CC3C019935BA000834E65 /* Supporting Files */ = {
			isa = PBXGroup;
			children = (
				EA6CC3C119935BA000834E65 /* Info.plist */,
			);
			name = "Supporting Files";
			sourceTree = "<group>";
		};
/* End PBXGroup section */

/* Begin PBXNativeTarget section */
		EA6CC3A919935BA000834E65 /* ImagePickerDemo */ = {
			isa = PBXNativeTarget;
			buildConfigurationList = EA6CC3C619935BA000834E65 /* Build configuration list for PBXNativeTarget "ImagePickerDemo" */;
			buildPhases = (
				EA6CC3A619935BA000834E65 /* Sources */,
				EA6CC3A719935BA000834E65 /* Frameworks */,
				EA6CC3A819935BA000834E65 /* Resources */,
			);
			buildRules = (
			);
			dependencies = (
			);
			name = ImagePickerDemo;
			productName = ImagePickerDemo;
			productReference = EA6CC3AA19935BA000834E65 /* ImagePickerDemo.app */;
			productType = "com.apple.product-type.application";
		};
		EA6CC3BB19935BA000834E65 /* ImagePickerDemoTests */ = {
			isa = PBXNativeTarget;
			buildConfigurationList = EA6CC3C919935BA000834E65 /* Build configuration list for PBXNativeTarget "ImagePickerDemoTests" */;
			buildPhases = (
				EA6CC3B819935BA000834E65 /* Sources */,
				EA6CC3B919935BA000834E65 /* Frameworks */,
				EA6CC3BA19935BA000834E65 /* Resources */,
			);
			buildRules = (
			);
			dependencies = (
				EA6CC3BE19935BA000834E65 /* PBXTargetDependency */,
			);
			name = ImagePickerDemoTests;
			productName = ImagePickerDemoTests;
			productReference = EA6CC3BC19935BA000834E65 /* ImagePickerDemoTests.xctest */;
			productType = "com.apple.product-type.bundle.unit-test";
		};
/* End PBXNativeTarget section */

/* Begin PBXProject section */
		EA6CC3A219935BA000834E65 /* Project object */ = {
			isa = PBXProject;
			attributes = {
				LastUpgradeCheck = 0600;
				ORGANIZATIONNAME = "TheAppGuruz-New-6";
				TargetAttributes = {
					EA6CC3A919935BA000834E65 = {
						CreatedOnToolsVersion = 6.0;
					};
					EA6CC3BB19935BA000834E65 = {
						CreatedOnToolsVersion = 6.0;
						TestTargetID = EA6CC3A919935BA000834E65;
					};
				};
			};
			buildConfigurationList = EA6CC3A519935BA000834E65 /* Build configuration list for PBXProject "ImagePickerDemo" */;
			compatibilityVersion = "Xcode 3.2";
			developmentRegion = English;
			hasScannedForEncodings = 0;
			knownRegions = (
				en,
				Base,
			);
			mainGroup = EA6CC3A119935BA000834E65;
			productRefGroup = EA6CC3AB19935BA000834E65 /* Products */;
			projectDirPath = "";
			projectRoot = "";
			targets = (
				EA6CC3A919935BA000834E65 /* ImagePickerDemo */,
				EA6CC3BB19935BA000834E65 /* ImagePickerDemoTests */,
			);
		};
/* End PBXProject section */

/* Begin PBXResourcesBuildPhase section */
		EA6CC3A819935BA000834E65 /* Resources */ = {
			isa = PBXResourcesBuildPhase;
			buildActionMask = 2147483647;
			files = (
				EA6CC3B519935BA000834E65 /* Main.storyboard in Resources */,
				EA6CC3B719935BA000834E65 /* Images.xcassets in Resources */,
				EA6CC3CD19937D4900834E65 /* images.jpeg in Resources */,
			);
			runOnlyForDeploymentPostprocessing = 0;
		};
		EA6CC3BA19935BA000834E65 /* Resources */ = {
			isa = PBXResourcesBuildPhase;
			buildActionMask = 2147483647;
			files = (
			);
			runOnlyForDeploymentPostprocessing = 0;
		};
/* End PBXResourcesBuildPhase section */

/* Begin PBXSourcesBuildPhase section */
		EA6CC3A619935BA000834E65 /* Sources */ = {
			isa = PBXSourcesBuildPhase;
			buildActionMask = 2147483647;
			files = (
				EA6CC3B219935BA000834E65 /* ViewController.swift in Sources */,
				EA6CC3B019935BA000834E65 /* AppDelegate.swift in Sources */,
			);
			runOnlyForDeploymentPostprocessing = 0;
		};
		EA6CC3B819935BA000834E65 /* Sources */ = {
			isa = PBXSourcesBuildPhase;
			buildActionMask = 2147483647;
			files = (
				EA6CC3C319935BA000834E65 /* ImagePickerDemoTests.swift in Sources */,
			);
			runOnlyForDeploymentPostprocessing = 0;
		};
/* End PBXSourcesBuildPhase section */

/* Begin PBXTargetDependency section */
		EA6CC3BE19935BA000834E65 /* PBXTargetDependency */ = {
			isa = PBXTargetDependency;
			target = EA6CC3A919935BA000834E65 /* ImagePickerDemo */;
			targetProxy = EA6CC3BD19935BA000834E65 /* PBXContainerItemProxy */;
		};
/* End PBXTargetDependency section */

/* Begin PBXVariantGroup section */
		EA6CC3B319935BA000834E65 /* Main.storyboard */ = {
			isa = PBXVariantGroup;
			children = (
				EA6CC3B419935BA000834E65 /* Base */,
			);
			name = Main.storyboard;
			sourceTree = "<group>";
		};
/* End PBXVariantGroup section */

/* Begin XCBuildConfiguration section */
		EA6CC3C419935BA000834E65 /* Debug */ = {
			isa = XCBuildConfiguration;
			buildSettings = {
				ALWAYS_SEARCH_USER_PATHS = NO;
				CLANG_CXX_LANGUAGE_STANDARD = "gnu++0x";
				CLANG_CXX_LIBRARY = "libc++";
				CLANG_ENABLE_MODULES = YES;
				CLANG_ENABLE_OBJC_ARC = YES;
				CLANG_WARN_BOOL_CONVERSION = YES;
				CLANG_WARN_CONSTANT_CONVERSION = YES;
				CLANG_WARN_DIRECT_OBJC_ISA_USAGE = YES_ERROR;
				CLANG_WARN_EMPTY_BODY = YES;
				CLANG_WARN_ENUM_CONVERSION = YES;
				CLANG_WARN_INT_CONVERSION = YES;
				CLANG_WARN_OBJC_ROOT_CLASS = YES_ERROR;
				CLANG_WARN_UNREACHABLE_CODE = YES;
				CLANG_WARN__DUPLICATE_METHOD_MATCH = YES;
				"CODE_SIGN_IDENTITY[sdk=iphoneos*]" = "iPhone Developer";
				COPY_PHASE_STRIP = NO;
				ENABLE_STRICT_OBJC_MSGSEND = YES;
				GCC_C_LANGUAGE_STANDARD = gnu99;
				GCC_DYNAMIC_NO_PIC = NO;
				GCC_OPTIMIZATION_LEVEL = 0;
				GCC_PREPROCESSOR_DEFINITIONS = (
					"DEBUG=1",
					"$(inherited)",
				);
				GCC_SYMBOLS_PRIVATE_EXTERN = NO;
				GCC_WARN_64_TO_32_BIT_CONVERSION = YES;
				GCC_WARN_ABOUT_RETURN_TYPE = YES_ERROR;
				GCC_WARN_UNDECLARED_SELECTOR = YES;
				GCC_WARN_UNINITIALIZED_AUTOS = YES_AGGRESSIVE;
				GCC_WARN_UNUSED_FUNCTION = YES;
				GCC_WARN_UNUSED_VARIABLE = YES;
				IPHONEOS_DEPLOYMENT_TARGET = 8.0;
				MTL_ENABLE_DEBUG_INFO = YES;
				ONLY_ACTIVE_ARCH = YES;
				SDKROOT = iphoneos;
				SWIFT_OPTIMIZATION_LEVEL = "-Onone";
				TARGETED_DEVICE_FAMILY = "1,2";
			};
			name = Debug;
		};
		EA6CC3C519935BA000834E65 /* Release */ = {
			isa = XCBuildConfiguration;
			buildSettings = {
				ALWAYS_SEARCH_USER_PATHS = NO;
				CLANG_CXX_LANGUAGE_STANDARD = "gnu++0x";
				CLANG_CXX_LIBRARY = "libc++";
				CLANG_ENABLE_MODULES = YES;
				CLANG_ENABLE_OBJC_ARC = YES;
				CLANG_WARN_BOOL_CONVERSION = YES;
				CLANG_WARN_CONSTANT_CONVERSION = YES;
				CLANG_WARN_DIRECT_OBJC_ISA_USAGE = YES_ERROR;
				CLANG_WARN_EMPTY_BODY = YES;
				CLANG_WARN_ENUM_CONVERSION = YES;
				CLANG_WARN_INT_CONVERSION = YES;
				CLANG_WARN_OBJC_ROOT_CLASS = YES_ERROR;
				CLANG_WARN_UNREACHABLE_CODE = YES;
				CLANG_WARN__DUPLICATE_METHOD_MATCH = YES;
				"CODE_SIGN_IDENTITY[sdk=iphoneos*]" = "iPhone Developer";
				COPY_PHASE_STRIP = YES;
				ENABLE_NS_ASSERTIONS = NO;
				ENABLE_STRICT_OBJC_MSGSEND = YES;
				GCC_C_LANGUAGE_STANDARD = gnu99;
				GCC_WARN_64_TO_32_BIT_CONVERSION = YES;
				GCC_WARN_ABOUT_RETURN_TYPE = YES_ERROR;
				GCC_WARN_UNDECLARED_SELECTOR = YES;
				GCC_WARN_UNINITIALIZED_AUTOS = YES_AGGRESSIVE;
				GCC_WARN_UNUSED_FUNCTION = YES;
				GCC_WARN_UNUSED_VARIABLE = YES;
				IPHONEOS_DEPLOYMENT_TARGET = 8.0;
				MTL_ENABLE_DEBUG_INFO = NO;
				SDKROOT = iphoneos;
				TARGETED_DEVICE_FAMILY = "1,2";
				VALIDATE_PRODUCT = YES;
			};
			name = Release;
		};
		EA6CC3C719935BA000834E65 /* Debug */ = {
			isa = XCBuildConfiguration;
			buildSettings = {
				ASSETCATALOG_COMPILER_APPICON_NAME = AppIcon;
				ASSETCATALOG_COMPILER_LAUNCHIMAGE_NAME = LaunchImage;
				INFOPLIST_FILE = ImagePickerDemo/Info.plist;
				LD_RUNPATH_SEARCH_PATHS = "$(inherited) @executable_path/Frameworks";
				PRODUCT_NAME = "$(TARGET_NAME)";
			};
			name = Debug;
		};
		EA6CC3C819935BA000834E65 /* Release */ = {
			isa = XCBuildConfiguration;
			buildSettings = {
				ASSETCATALOG_COMPILER_APPICON_NAME = AppIcon;
				ASSETCATALOG_COMPILER_LAUNCHIMAGE_NAME = LaunchImage;
				INFOPLIST_FILE = ImagePickerDemo/Info.plist;
				LD_RUNPATH_SEARCH_PATHS = "$(inherited) @executable_path/Frameworks";
				PRODUCT_NAME = "$(TARGET_NAME)";
			};
			name = Release;
		};
		EA6CC3CA19935BA000834E65 /* Debug */ = {
			isa = XCBuildConfiguration;
			buildSettings = {
				BUNDLE_LOADER = "$(BUILT_PRODUCTS_DIR)/ImagePickerDemo.app/ImagePickerDemo";
				FRAMEWORK_SEARCH_PATHS = (
					"$(SDKROOT)/Developer/Library/Frameworks",
					"$(inherited)",
				);
				GCC_PREPROCESSOR_DEFINITIONS = (
					"DEBUG=1",
					"$(inherited)",
				);
				INFOPLIST_FILE = ImagePickerDemoTests/Info.plist;
				LD_RUNPATH_SEARCH_PATHS = "$(inherited) @executable_path/Frameworks @loader_path/Frameworks";
				PRODUCT_NAME = "$(TARGET_NAME)";
				TEST_HOST = "$(BUNDLE_LOADER)";
			};
			name = Debug;
		};
		EA6CC3CB19935BA000834E65 /* Release */ = {
			isa = XCBuildConfiguration;
			buildSettings = {
				BUNDLE_LOADER = "$(BUILT_PRODUCTS_DIR)/ImagePickerDemo.app/ImagePickerDemo";
				FRAMEWORK_SEARCH_PATHS = (
					"$(SDKROOT)/Developer/Library/Frameworks",
					"$(inherited)",
				);
				INFOPLIST_FILE = ImagePickerDemoTests/Info.plist;
				LD_RUNPATH_SEARCH_PATHS = "$(inherited) @executable_path/Frameworks @loader_path/Frameworks";
				PRODUCT_NAME = "$(TARGET_NAME)";
				TEST_HOST = "$(BUNDLE_LOADER)";
			};
			name = Release;
		};
/* End XCBuildConfiguration section */

/* Begin XCConfigurationList section */
		EA6CC3A519935BA000834E65 /* Build configuration list for PBXProject "ImagePickerDemo" */ = {
			isa = XCConfigurationList;
			buildConfigurations = (
				EA6CC3C419935BA000834E65 /* Debug */,
				EA6CC3C519935BA000834E65 /* Release */,
			);
			defaultConfigurationIsVisible = 0;
			defaultConfigurationName = Release;
		};
		EA6CC3C619935BA000834E65 /* Build configuration list for PBXNativeTarget "ImagePickerDemo" */ = {
			isa = XCConfigurationList;
			buildConfigurations = (
				EA6CC3C719935BA000834E65 /* Debug */,
				EA6CC3C819935BA000834E65 /* Release */,
			);
			defaultConfigurationIsVisible = 0;
			defaultConfigurationName = Release;
		};
		EA6CC3C919935BA000834E65 /* Build configuration list for PBXNativeTarget "ImagePickerDemoTests" */ = {
			isa = XCConfigurationList;
			buildConfigurations = (
				EA6CC3CA19935BA000834E65 /* Debug */,
				EA6CC3CB19935BA000834E65 /* Release */,
			);
			defaultConfigurationIsVisible = 0;
			defaultConfigurationName = Release;
		};
/* End XCConfigurationList section */
	};
	rootObject = EA6CC3A219935BA000834E65 /* Project object */;
}
